
Microsoft Visual Studio Solution File, Format Version 12.00
# Visual Studio Version 17
VisualStudioVersion = 17.5.33530.505
MinimumVisualStudioVersion = 10.0.40219.1
Project("{FAE04EC0-301F-11D3-BF4B-00C04F79EFBC}") = "WinFormsApp2", "WinFormsApp2\WinFormsApp2.csproj", "{4464495A-56DC-4DC7-94D1-2A6FAB3B3246}"
EndProject
Project("{FAE04EC0-301F-11D3-BF4B-00C04F79EFBC}") = "WinFormsControlLibrary2", "WinFormsControlLibrary2\WinFormsControlLibrary2.csproj", "{3A408AB7-B738-473D-A51B-2AB79DA19C2C}"
EndProject
Global
	GlobalSection(SolutionConfigurationPlatforms) = preSolution
		Debug|Any CPU = Debug|Any CPU
		Release|Any CPU = Release|Any CPU
	EndGlobalSection
	GlobalSection(ProjectConfigurationPlatforms) = postSolution
		{4464495A-56DC-4DC7-94D1-2A6FAB3B3246}.Debug|Any CPU.ActiveCfg = Debug|Any CPU
		{4464495A-56DC-4DC7-94D1-2A6FAB3B3246}.Debug|Any CPU.Build.0 = Debug|Any CPU
		{4464495A-56DC-4DC7-94D1-2A6FAB3B3246}.Release|Any CPU.ActiveCfg = Release|Any CPU
		{4464495A-56DC-4DC7-94D1-2A6FAB3B3246}.Release|Any CPU.Build.0 = Release|Any CPU
		{3A408AB7-B738-473D-A51B-2AB79DA19C2C}.Debug|Any CPU.ActiveCfg = Debug|Any CPU
		{3A408AB7-B738-473D-A51B-2AB79DA19C2C}.Debug|Any CPU.Build.0 = Debug|Any CPU
		{3A408AB7-B738-473D-A51B-2AB79DA19C2C}.Release|Any CPU.ActiveCfg = Release|Any CPU
		{3A408AB7-B738-473D-A51B-2AB79DA19C2C}.Release|Any CPU.Build.0 = Release|Any CPU
	EndGlobalSection
	GlobalSection(SolutionProperties) = preSolution
		HideSolutionNode = FALSE
	EndGlobalSection
	GlobalSection(ExtensibilityGlobals) = postSolution
		SolutionGuid = {D87CC5D3-0BEC-4BBA-8789-AC2300B13D5B}
	EndGlobalSection
EndGlobal
